// !$*UTF8*$!
{
	archiveVersion = 1;
	classes = {
	};
	objectVersion = 55;
	objects = {

/* Begin PBXBuildFile section */
		96B9F4E9274601A000B40112 /* AppDelegate.swift in Sources */ = {isa = PBXBuildFile; fileRef = 96B9F4E8274601A000B40112 /* AppDelegate.swift */; };
		96B9F4EB274601A000B40112 /* SceneDelegate.swift in Sources */ = {isa = PBXBuildFile; fileRef = 96B9F4EA274601A000B40112 /* SceneDelegate.swift */; };
		96B9F4ED274601A000B40112 /* ViewController.swift in Sources */ = {isa = PBXBuildFile; fileRef = 96B9F4EC274601A000B40112 /* ViewController.swift */; };
		96B9F4F0274601A000B40112 /* Main.storyboard in Resources */ = {isa = PBXBuildFile; fileRef = 96B9F4EE274601A000B40112 /* Main.storyboard */; };
		96B9F4F3274601A000B40112 /* toDoJetstarSwift.xcdatamodeld in Sources */ = {isa = PBXBuildFile; fileRef = 96B9F4F1274601A000B40112 /* toDoJetstarSwift.xcdatamodeld */; };
		96B9F4F5274601A400B40112 /* Assets.xcassets in Resources */ = {isa = PBXBuildFile; fileRef = 96B9F4F4274601A400B40112 /* Assets.xcassets */; };
		96B9F4F8274601A400B40112 /* LaunchScreen.storyboard in Resources */ = {isa = PBXBuildFile; fileRef = 96B9F4F6274601A400B40112 /* LaunchScreen.storyboard */; };
		96B9F5002746041600B40112 /* todoTableViewCell.swift in Sources */ = {isa = PBXBuildFile; fileRef = 96B9F4FF2746041600B40112 /* todoTableViewCell.swift */; };
		96B9F50227460CFB00B40112 /* detailViewController.swift in Sources */ = {isa = PBXBuildFile; fileRef = 96B9F50127460CFB00B40112 /* detailViewController.swift */; };
/* End PBXBuildFile section */

/* Begin PBXFileReference section */
		96B9F4E5274601A000B40112 /* toDoJetstarSwift.app */ = {isa = PBXFileReference; explicitFileType = wrapper.application; includeInIndex = 0; path = toDoJetstarSwift.app; sourceTree = BUILT_PRODUCTS_DIR; };
		96B9F4E8274601A000B40112 /* AppDelegate.swift */ = {isa = PBXFileReference; lastKnownFileType = sourcecode.swift; path = AppDelegate.swift; sourceTree = "<group>"; };
		96B9F4EA274601A000B40112 /* SceneDelegate.swift */ = {isa = PBXFileReference; lastKnownFileType = sourcecode.swift; path = SceneDelegate.swift; sourceTree = "<group>"; };
		96B9F4EC274601A000B40112 /* ViewController.swift */ = {isa = PBXFileReference; lastKnownFileType = sourcecode.swift; path = ViewController.swift; sourceTree = "<group>"; };
		96B9F4EF274601A000B40112 /* Base */ = {isa = PBXFileReference; lastKnownFileType = file.storyboard; name = Base; path = Base.lproj/Main.storyboard; sourceTree = "<group>"; };
		96B9F4F2274601A000B40112 /* toDoJetstarSwift.xcdatamodel */ = {isa = PBXFileReference; lastKnownFileType = wrapper.xcdatamodel; path = toDoJetstarSwift.xcdatamodel; sourceTree = "<group>"; };
		96B9F4F4274601A400B40112 /* Assets.xcassets */ = {isa = PBXFileReference; lastKnownFileType = folder.assetcatalog; path = Assets.xcassets; sourceTree = "<group>"; };
		96B9F4F7274601A400B40112 /* Base */ = {isa = PBXFileReference; lastKnownFileType = file.storyboard; name = Base; path = Base.lproj/LaunchScreen.storyboard; sourceTree = "<group>"; };
		96B9F4F9274601A400B40112 /* Info.plist */ = {isa = PBXFileReference; lastKnownFileType = text.plist.xml; path = Info.plist; sourceTree = "<group>"; };
		96B9F4FF2746041600B40112 /* todoTableViewCell.swift */ = {isa = PBXFileReference; lastKnownFileType = sourcecode.swift; path = todoTableViewCell.swift; sourceTree = "<group>"; };
		96B9F50127460CFB00B40112 /* detailViewController.swift */ = {isa = PBXFileReference; lastKnownFileType = sourcecode.swift; path = detailViewController.swift; sourceTree = "<group>"; };
/* End PBXFileReference section */

/* Begin PBXFrameworksBuildPhase section */
		96B9F4E2274601A000B40112 /* Frameworks */ = {
			isa = PBXFrameworksBuildPhase;
			buildActionMask = 2147483647;
			files = (
			);
			runOnlyForDeploymentPostprocessing = 0;
		};
/* End PBXFrameworksBuildPhase section */

/* Begin PBXGroup section */
		96B9F4DC274601A000B40112 = {
			isa = PBXGroup;
			children = (
				96B9F4E7274601A000B40112 /* toDoJetstarSwift */,
				96B9F4E6274601A000B40112 /* Products */,
			);
			sourceTree = "<group>";
		};
		96B9F4E6274601A000B40112 /* Products */ = {
			isa = PBXGroup;
			children = (
				96B9F4E5274601A000B40112 /* toDoJetstarSwift.app */,
			);
			name = Products;
			sourceTree = "<group>";
		};
		96B9F4E7274601A000B40112 /* toDoJetstarSwift */ = {
			isa = PBXGroup;
			children = (
				96B9F4E8274601A000B40112 /* AppDelegate.swift */,
				96B9F4EA274601A000B40112 /* SceneDelegate.swift */,
				96B9F4EC274601A000B40112 /* ViewController.swift */,
				96B9F4FF2746041600B40112 /* todoTableViewCell.swift */,
				96B9F4EE274601A000B40112 /* Main.storyboard */,
				96B9F4F4274601A400B40112 /* Assets.xcassets */,
				96B9F4F6274601A400B40112 /* LaunchScreen.storyboard */,
				96B9F4F9274601A400B40112 /* Info.plist */,
				96B9F4F1274601A000B40112 /* toDoJetstarSwift.xcdatamodeld */,
				96B9F50127460CFB00B40112 /* detailViewController.swift */,
			);
			path = toDoJetstarSwift;
			sourceTree = "<group>";
		};
/* End PBXGroup section */

/* Begin PBXNativeTarget section */
		96B9F4E4274601A000B40112 /* toDoJetstarSwift */ = {
			isa = PBXNativeTarget;
			buildConfigurationList = 96B9F4FC274601A400B40112 /* Build configuration list for PBXNativeTarget "toDoJetstarSwift" */;
			buildPhases = (
				96B9F4E1274601A000B40112 /* Sources */,
				96B9F4E2274601A000B40112 /* Frameworks */,
				96B9F4E3274601A000B40112 /* Resources */,
			);
			buildRules = (
			);
			dependencies = (
			);
			name = toDoJetstarSwift;
			productName = toDoJetstarSwift;
			productReference = 96B9F4E5274601A000B40112 /* toDoJetstarSwift.app */;
			productType = "com.apple.product-type.application";
		};
/* End PBXNativeTarget section */

/* Begin PBXProject section */
		96B9F4DD274601A000B40112 /* Project object */ = {
			isa = PBXProject;
			attributes = {
				BuildIndependentTargetsInParallel = 1;
				LastSwiftUpdateCheck = 1300;
				LastUpgradeCheck = 1300;
				TargetAttributes = {
					96B9F4E4274601A000B40112 = {
						CreatedOnToolsVersion = 13.0;
					};
				};
			};
			buildConfigurationList = 96B9F4E0274601A000B40112 /* Build configuration list for PBXProject "toDoJetstarSwift" */;
			compatibilityVersion = "Xcode 13.0";
			developmentRegion = en;
			hasScannedForEncodings = 0;
			knownRegions = (
				en,
				Base,
			);
			mainGroup = 96B9F4DC274601A000B40112;
			productRefGroup = 96B9F4E6274601A000B40112 /* Products */;
			projectDirPath = "";
			projectRoot = "";
			targets = (
				96B9F4E4274601A000B40112 /* toDoJetstarSwift */,
			);
		};
/* End PBXProject section */

/* Begin PBXResourcesBuildPhase section */
		96B9F4E3274601A000B40112 /* Resources */ = {
			isa = PBXResourcesBuildPhase;
			buildActionMask = 2147483647;
			files = (
				96B9F4F8274601A400B40112 /* LaunchScreen.storyboard in Resources */,
				96B9F4F5274601A400B40112 /* Assets.xcassets in Resources */,
				96B9F4F0274601A000B40112 /* Main.storyboard in Resources */,
			);
			runOnlyForDeploymentPostprocessing = 0;
		};
/* End PBXResourcesBuildPhase section */

/* Begin PBXSourcesBuildPhase section */
		96B9F4E1274601A000B40112 /* Sources */ = {
			isa = PBXSourcesBuildPhase;
			buildActionMask = 2147483647;
			files = (
				96B9F4ED274601A000B40112 /* ViewController.swift in Sources */,
				96B9F5002746041600B40112 /* todoTableViewCell.swift in Sources */,
				96B9F4F3274601A000B40112 /* toDoJetstarSwift.xcdatamodeld in Sources */,
				96B9F4E9274601A000B40112 /* AppDelegate.swift in Sources */,
				96B9F4EB274601A000B40112 /* SceneDelegate.swift in Sources */,
				96B9F50227460CFB00B40112 /* detailViewController.swift in Sources */,
			);
			runOnlyForDeploymentPostprocessing = 0;
		};
/* End PBXSourcesBuildPhase section */

/* Begin PBXVariantGroup section */
		96B9F4EE274601A000B40112 /* Main.storyboard */ = {
			isa = PBXVariantGroup;
			children = (
				96B9F4EF274601A000B40112 /* Base */,
			);
			name = Main.storyboard;
			sourceTree = "<group>";
		};
		96B9F4F6274601A400B40112 /* LaunchScreen.storyboard */ = {
			isa = PBXVariantGroup;
			children = (
				96B9F4F7274601A400B40112 /* Base */,
			);
			name = LaunchScreen.storyboard;
			sourceTree = "<group>";
		};
/* End PBXVariantGroup section */

/* Begin XCBuildConfiguration section */
		96B9F4FA274601A400B40112 /* Debug */ = {
			isa = XCBuildConfiguration;
			buildSettings = {
				ALWAYS_SEARCH_USER_PATHS = NO;
				CLANG_ANALYZER_NONNULL = YES;
				CLANG_ANALYZER_NUMBER_OBJECT_CONVERSION = YES_AGGRESSIVE;
				CLANG_CXX_LANGUAGE_STANDARD = "gnu++17";
				CLANG_CXX_LIBRARY = "libc++";
				CLANG_ENABLE_MODULES = YES;
				CLANG_ENABLE_OBJC_ARC = YES;
				CLANG_ENABLE_OBJC_WEAK = YES;
				CLANG_WARN_BLOCK_CAPTURE_AUTORELEASING = YES;
				CLANG_WARN_BOOL_CONVERSION = YES;
				CLANG_WARN_COMMA = YES;
				CLANG_WARN_CONSTANT_CONVERSION = YES;
				CLANG_WARN_DEPRECATED_OBJC_IMPLEMENTATIONS = YES;
				CLANG_WARN_DIRECT_OBJC_ISA_USAGE = YES_ERROR;
				CLANG_WARN_DOCUMENTATION_COMMENTS = YES;
				CLANG_WARN_EMPTY_BODY = YES;
				CLANG_WARN_ENUM_CONVERSION = YES;
				CLANG_WARN_INFINITE_RECURSION = YES;
				CLANG_WARN_INT_CONVERSION = YES;
				CLANG_WARN_NON_LITERAL_NULL_CONVERSION = YES;
				CLANG_WARN_OBJC_IMPLICIT_RETAIN_SELF = YES;
				CLANG_WARN_OBJC_LITERAL_CONVERSION = YES;
				CLANG_WARN_OBJC_ROOT_CLASS = YES_ERROR;
				CLANG_WARN_QUOTED_INCLUDE_IN_FRAMEWORK_HEADER = YES;
				CLANG_WARN_RANGE_LOOP_ANALYSIS = YES;
				CLANG_WARN_STRICT_PROTOTYPES = YES;
				CLANG_WARN_SUSPICIOUS_MOVE = YES;
				CLANG_WARN_UNGUARDED_AVAILABILITY = YES_AGGRESSIVE;
				CLANG_WARN_UNREACHABLE_CODE = YES;
				CLANG_WARN__DUPLICATE_METHOD_MATCH = YES;
				COPY_PHASE_STRIP = NO;
				DEBUG_INFORMATION_FORMAT = dwarf;
				ENABLE_STRICT_OBJC_MSGSEND = YES;
				ENABLE_TESTABILITY = YES;
				GCC_C_LANGUAGE_STANDARD = gnu11;
				GCC_DYNAMIC_NO_PIC = NO;
				GCC_NO_COMMON_BLOCKS = YES;
				GCC_OPTIMIZATION_LEVEL = 0;
				GCC_PREPROCESSOR_DEFINITIONS = (
					"DEBUG=1",
					"$(inherited)",
				);
				GCC_WARN_64_TO_32_BIT_CONVERSION = YES;
				GCC_WARN_ABOUT_RETURN_TYPE = YES_ERROR;
				GCC_WARN_UNDECLARED_SELECTOR = YES;
				GCC_WARN_UNINITIALIZED_AUTOS = YES_AGGRESSIVE;
				GCC_WARN_UNUSED_FUNCTION = YES;
				GCC_WARN_UNUSED_VARIABLE = YES;
				IPHONEOS_DEPLOYMENT_TARGET = 15.0;
				MTL_ENABLE_DEBUG_INFO = INCLUDE_SOURCE;
				MTL_FAST_MATH = YES;
				ONLY_ACTIVE_ARCH = YES;
				SDKROOT = iphoneos;
				SWIFT_ACTIVE_COMPILATION_CONDITIONS = DEBUG;
				SWIFT_OPTIMIZATION_LEVEL = "-Onone";
			};
			name = Debug;
		};
		96B9F4FB274601A400B40112 /* Release */ = {
			isa = XCBuildConfiguration;
			buildSettings = {
				ALWAYS_SEARCH_USER_PATHS = NO;
				CLANG_ANALYZER_NONNULL = YES;
				CLANG_ANALYZER_NUMBER_OBJECT_CONVERSION = YES_AGGRESSIVE;
				CLANG_CXX_LANGUAGE_STANDARD = "gnu++17";
				CLANG_CXX_LIBRARY = "libc++";
				CLANG_ENABLE_MODULES = YES;
				CLANG_ENABLE_OBJC_ARC = YES;
				CLANG_ENABLE_OBJC_WEAK = YES;
				CLANG_WARN_BLOCK_CAPTURE_AUTORELEASING = YES;
				CLANG_WARN_BOOL_CONVERSION = YES;
				CLANG_WARN_COMMA = YES;
				CLANG_WARN_CONSTANT_CONVERSION = YES;
				CLANG_WARN_DEPRECATED_OBJC_IMPLEMENTATIONS = YES;
				CLANG_WARN_DIRECT_OBJC_ISA_USAGE = YES_ERROR;
				CLANG_WARN_DOCUMENTATION_COMMENTS = YES;
				CLANG_WARN_EMPTY_BODY = YES;
				CLANG_WARN_ENUM_CONVERSION = YES;
				CLANG_WARN_INFINITE_RECURSION = YES;
				CLANG_WARN_INT_CONVERSION = YES;
				CLANG_WARN_NON_LITERAL_NULL_CONVERSION = YES;
				CLANG_WARN_OBJC_IMPLICIT_RETAIN_SELF = YES;
				CLANG_WARN_OBJC_LITERAL_CONVERSION = YES;
				CLANG_WARN_OBJC_ROOT_CLASS = YES_ERROR;
				CLANG_WARN_QUOTED_INCLUDE_IN_FRAMEWORK_HEADER = YES;
				CLANG_WARN_RANGE_LOOP_ANALYSIS = YES;
				CLANG_WARN_STRICT_PROTOTYPES = YES;
				CLANG_WARN_SUSPICIOUS_MOVE = YES;
				CLANG_WARN_UNGUARDED_AVAILABILITY = YES_AGGRESSIVE;
				CLANG_WARN_UNREACHABLE_CODE = YES;
				CLANG_WARN__DUPLICATE_METHOD_MATCH = YES;
				COPY_PHASE_STRIP = NO;
				DEBUG_INFORMATION_FORMAT = "dwarf-with-dsym";
				ENABLE_NS_ASSERTIONS = NO;
				ENABLE_STRICT_OBJC_MSGSEND = YES;
				GCC_C_LANGUAGE_STANDARD = gnu11;
				GCC_NO_COMMON_BLOCKS = YES;
				GCC_WARN_64_TO_32_BIT_CONVERSION = YES;
				GCC_WARN_ABOUT_RETURN_TYPE = YES_ERROR;
				GCC_WARN_UNDECLARED_SELECTOR = YES;
				GCC_WARN_UNINITIALIZED_AUTOS = YES_AGGRESSIVE;
				GCC_WARN_UNUSED_FUNCTION = YES;
				GCC_WARN_UNUSED_VARIABLE = YES;
				IPHONEOS_DEPLOYMENT_TARGET = 15.0;
				MTL_ENABLE_DEBUG_INFO = NO;
				MTL_FAST_MATH = YES;
				SDKROOT = iphoneos;
				SWIFT_COMPILATION_MODE = wholemodule;
				SWIFT_OPTIMIZATION_LEVEL = "-O";
				VALIDATE_PRODUCT = YES;
			};
			name = Release;
		};
		96B9F4FD274601A400B40112 /* Debug */ = {
			isa = XCBuildConfiguration;
			buildSettings = {
				ASSETCATALOG_COMPILER_APPICON_NAME = AppIcon;
				ASSETCATALOG_COMPILER_GLOBAL_ACCENT_COLOR_NAME = AccentColor;
				CODE_SIGN_STYLE = Automatic;
				CURRENT_PROJECT_VERSION = 1;
				DEVELOPMENT_TEAM = 5A8J3H9TB9;
				GENERATE_INFOPLIST_FILE = YES;
				INFOPLIST_FILE = toDoJetstarSwift/Info.plist;
				INFOPLIST_KEY_UIApplicationSupportsIndirectInputEvents = YES;
				INFOPLIST_KEY_UILaunchStoryboardName = LaunchScreen;
				INFOPLIST_KEY_UIMainStoryboardFile = Main;
				INFOPLIST_KEY_UISupportedInterfaceOrientations_iPad = "UIInterfaceOrientationPortrait UIInterfaceOrientationPortraitUpsideDown UIInterfaceOrientationLandscapeLeft UIInterfaceOrientationLandscapeRight";
				INFOPLIST_KEY_UISupportedInterfaceOrientations_iPhone = "UIInterfaceOrientationPortrait UIInterfaceOrientationLandscapeLeft UIInterfaceOrientationLandscapeRight";
				LD_RUNPATH_SEARCH_PATHS = (
					"$(inherited)",
					"@executable_path/Frameworks",
				);
				MARKETING_VERSION = 1.0;
				PRODUCT_BUNDLE_IDENTIFIER = demo.toDoJetstarSwift;
				PRODUCT_NAME = "$(TARGET_NAME)";
				SWIFT_EMIT_LOC_STRINGS = YES;
				SWIFT_VERSION = 5.0;
				TARGETED_DEVICE_FAMILY = "1,2";
			};
			name = Debug;
		};
		96B9F4FE274601A400B40112 /* Release */ = {
			isa = XCBuildConfiguration;
			buildSettings = {
				ASSETCATALOG_COMPILER_APPICON_NAME = AppIcon;
				ASSETCATALOG_COMPILER_GLOBAL_ACCENT_COLOR_NAME = AccentColor;
				CODE_SIGN_STYLE = Automatic;
				CURRENT_PROJECT_VERSION = 1;
				DEVELOPMENT_TEAM = 5A8J3H9TB9;
				GENERATE_INFOPLIST_FILE = YES;
				INFOPLIST_FILE = toDoJetstarSwift/Info.plist;
				INFOPLIST_KEY_UIApplicationSupportsIndirectInputEvents = YES;
				INFOPLIST_KEY_UILaunchStoryboardName = LaunchScreen;
				INFOPLIST_KEY_UIMainStoryboardFile = Main;
				INFOPLIST_KEY_UISupportedInterfaceOrientations_iPad = "UIInterfaceOrientationPortrait UIInterfaceOrientationPortraitUpsideDown UIInterfaceOrientationLandscapeLeft UIInterfaceOrientationLandscapeRight";
				INFOPLIST_KEY_UISupportedInterfaceOrientations_iPhone = "UIInterfaceOrientationPortrait UIInterfaceOrientationLandscapeLeft UIInterfaceOrientationLandscapeRight";
				LD_RUNPATH_SEARCH_PATHS = (
					"$(inherited)",
					"@executable_path/Frameworks",
				);
				MARKETING_VERSION = 1.0;
				PRODUCT_BUNDLE_IDENTIFIER = demo.toDoJetstarSwift;
				PRODUCT_NAME = "$(TARGET_NAME)";
				SWIFT_EMIT_LOC_STRINGS = YES;
				SWIFT_VERSION = 5.0;
				TARGETED_DEVICE_FAMILY = "1,2";
			};
			name = Release;
		};
/* End XCBuildConfiguration section */

/* Begin XCConfigurationList section */
		96B9F4E0274601A000B40112 /* Build configuration list for PBXProject "toDoJetstarSwift" */ = {
			isa = XCConfigurationList;
			buildConfigurations = (
				96B9F4FA274601A400B40112 /* Debug */,
				96B9F4FB274601A400B40112 /* Release */,
			);
			defaultConfigurationIsVisible = 0;
			defaultConfigurationName = Release;
		};
		96B9F4FC274601A400B40112 /* Build configuration list for PBXNativeTarget "toDoJetstarSwift" */ = {
			isa = XCConfigurationList;
			buildConfigurations = (
				96B9F4FD274601A400B40112 /* Debug */,
				96B9F4FE274601A400B40112 /* Release */,
			);
			defaultConfigurationIsVisible = 0;
			defaultConfigurationName = Release;
		};
/* End XCConfigurationList section */

/* Begin XCVersionGroup section */
		96B9F4F1274601A000B40112 /* toDoJetstarSwift.xcdatamodeld */ = {
			isa = XCVersionGroup;
			children = (
				96B9F4F2274601A000B40112 /* toDoJetstarSwift.xcdatamodel */,
			);
			currentVersion = 96B9F4F2274601A000B40112 /* toDoJetstarSwift.xcdatamodel */;
			path = toDoJetstarSwift.xcdatamodeld;
			sourceTree = "<group>";
			versionGroupType = wrapper.xcdatamodel;
		};
/* End XCVersionGroup section */
	};
	rootObject = 96B9F4DD274601A000B40112 /* Project object */;
}
